
Microsoft Visual Studio Solution File, Format Version 12.00
# Visual Studio Version 16
VisualStudioVersion = 16.0.31515.178
MinimumVisualStudioVersion = 10.0.40219.1
Project("{FAE04EC0-301F-11D3-BF4B-00C04F79EFBC}") = "Interview", "Interview\Interview.csproj", "{0E4514CC-DA2A-4D3C-8272-A2DC3BFC26DD}"
EndProject
Project("{FAE04EC0-301F-11D3-BF4B-00C04F79EFBC}") = "Inteview2", "Inteview2\Inteview2.csproj", "{5652739E-21BF-4FC3-A377-0EBF2C7B4934}"
EndProject
Global
	GlobalSection(SolutionConfigurationPlatforms) = preSolution
		Debug|Any CPU = Debug|Any CPU
		Release|Any CPU = Release|Any CPU
	EndGlobalSection
	GlobalSection(ProjectConfigurationPlatforms) = postSolution
		{0E4514CC-DA2A-4D3C-8272-A2DC3BFC26DD}.Debug|Any CPU.ActiveCfg = Debug|Any CPU
		{0E4514CC-DA2A-4D3C-8272-A2DC3BFC26DD}.Debug|Any CPU.Build.0 = Debug|Any CPU
		{0E4514CC-DA2A-4D3C-8272-A2DC3BFC26DD}.Release|Any CPU.ActiveCfg = Release|Any CPU
		{0E4514CC-DA2A-4D3C-8272-A2DC3BFC26DD}.Release|Any CPU.Build.0 = Release|Any CPU
		{5652739E-21BF-4FC3-A377-0EBF2C7B4934}.Debug|Any CPU.ActiveCfg = Debug|Any CPU
		{5652739E-21BF-4FC3-A377-0EBF2C7B4934}.Debug|Any CPU.Build.0 = Debug|Any CPU
		{5652739E-21BF-4FC3-A377-0EBF2C7B4934}.Release|Any CPU.ActiveCfg = Release|Any CPU
		{5652739E-21BF-4FC3-A377-0EBF2C7B4934}.Release|Any CPU.Build.0 = Release|Any CPU
	EndGlobalSection
	GlobalSection(SolutionProperties) = preSolution
		HideSolutionNode = FALSE
	EndGlobalSection
	GlobalSection(ExtensibilityGlobals) = postSolution
		SolutionGuid = {0A7AAA51-13F8-4F72-9214-6D3E43FCB936}
	EndGlobalSection
EndGlobal
